// !$*UTF8*$!
{
	archiveVersion = 1;
	classes = {
	};
	objectVersion = 56;
	objects = {

/* Begin PBXBuildFile section */
		6F10857C29983B0800F5DFBD /* ReminderView.swift in Sources */ = {isa = PBXBuildFile; fileRef = 6F10857B29983B0800F5DFBD /* ReminderView.swift */; };
		6F10857E29983C2700F5DFBD /* HomeView.swift in Sources */ = {isa = PBXBuildFile; fileRef = 6F10857D29983C2700F5DFBD /* HomeView.swift */; };
		6F1085822998AC4C00F5DFBD /* SignUpView.swift in Sources */ = {isa = PBXBuildFile; fileRef = 6F1085812998AC4C00F5DFBD /* SignUpView.swift */; };
		6F1085882998B91400F5DFBD /* CoreDataManager.swift in Sources */ = {isa = PBXBuildFile; fileRef = 6F1085872998B91400F5DFBD /* CoreDataManager.swift */; };
		6F10858B2998C53E00F5DFBD /* UserModel.xcdatamodeld in Sources */ = {isa = PBXBuildFile; fileRef = 6F1085892998C53E00F5DFBD /* UserModel.xcdatamodeld */; };
		6F29BAC029980B5900F8A6AA /* Hackville2023App.swift in Sources */ = {isa = PBXBuildFile; fileRef = 6F29BABF29980B5900F8A6AA /* Hackville2023App.swift */; };
		6F29BAC229980B5900F8A6AA /* ContentView.swift in Sources */ = {isa = PBXBuildFile; fileRef = 6F29BAC129980B5900F8A6AA /* ContentView.swift */; };
		6F29BAC429980B5A00F8A6AA /* Assets.xcassets in Resources */ = {isa = PBXBuildFile; fileRef = 6F29BAC329980B5A00F8A6AA /* Assets.xcassets */; };
		6F29BAC729980B5A00F8A6AA /* Preview Assets.xcassets in Resources */ = {isa = PBXBuildFile; fileRef = 6F29BAC629980B5A00F8A6AA /* Preview Assets.xcassets */; };
		6F29BACE2998178E00F8A6AA /* ProfileView.swift in Sources */ = {isa = PBXBuildFile; fileRef = 6F29BACD2998178E00F8A6AA /* ProfileView.swift */; };
		7643F8332998315F00EAFDB9 /* readme.md in Resources */ = {isa = PBXBuildFile; fileRef = 7643F8322998315F00EAFDB9 /* readme.md */; };
		7643F8352998337100EAFDB9 /* MatesView.swift in Sources */ = {isa = PBXBuildFile; fileRef = 7643F8342998337100EAFDB9 /* MatesView.swift */; };
		7643F83729983DA700EAFDB9 /* MateViewModel.swift in Sources */ = {isa = PBXBuildFile; fileRef = 7643F83629983DA600EAFDB9 /* MateViewModel.swift */; };
		7643F8392998503C00EAFDB9 /* ReminderExt.swift in Sources */ = {isa = PBXBuildFile; fileRef = 7643F8382998503C00EAFDB9 /* ReminderExt.swift */; };
		765BA15829987FEC004B1E35 /* Alamofire in Frameworks */ = {isa = PBXBuildFile; productRef = 765BA15729987FEC004B1E35 /* Alamofire */; };
		765BA15B29987FFF004B1E35 /* SwiftyJSON in Frameworks */ = {isa = PBXBuildFile; productRef = 765BA15A29987FFF004B1E35 /* SwiftyJSON */; };
		765BA15D2998806D004B1E35 /* APIEndpoints.swift in Sources */ = {isa = PBXBuildFile; fileRef = 765BA15C2998806D004B1E35 /* APIEndpoints.swift */; };
		767F494C29986FAE0005C3D8 /* AppDelegate.swift in Sources */ = {isa = PBXBuildFile; fileRef = 767F494B29986FAE0005C3D8 /* AppDelegate.swift */; };
/* End PBXBuildFile section */

/* Begin PBXFileReference section */
		6F10857B29983B0800F5DFBD /* ReminderView.swift */ = {isa = PBXFileReference; lastKnownFileType = sourcecode.swift; path = ReminderView.swift; sourceTree = "<group>"; };
		6F10857D29983C2700F5DFBD /* HomeView.swift */ = {isa = PBXFileReference; lastKnownFileType = sourcecode.swift; path = HomeView.swift; sourceTree = "<group>"; };
		6F1085812998AC4C00F5DFBD /* SignUpView.swift */ = {isa = PBXFileReference; lastKnownFileType = sourcecode.swift; path = SignUpView.swift; sourceTree = "<group>"; };
		6F1085872998B91400F5DFBD /* CoreDataManager.swift */ = {isa = PBXFileReference; lastKnownFileType = sourcecode.swift; path = CoreDataManager.swift; sourceTree = "<group>"; };
		6F10858A2998C53E00F5DFBD /* UserModel.xcdatamodel */ = {isa = PBXFileReference; lastKnownFileType = wrapper.xcdatamodel; path = UserModel.xcdatamodel; sourceTree = "<group>"; };
		6F29BABC29980B5900F8A6AA /* Hackville2023.app */ = {isa = PBXFileReference; explicitFileType = wrapper.application; includeInIndex = 0; path = Hackville2023.app; sourceTree = BUILT_PRODUCTS_DIR; };
		6F29BABF29980B5900F8A6AA /* Hackville2023App.swift */ = {isa = PBXFileReference; lastKnownFileType = sourcecode.swift; path = Hackville2023App.swift; sourceTree = "<group>"; };
		6F29BAC129980B5900F8A6AA /* ContentView.swift */ = {isa = PBXFileReference; lastKnownFileType = sourcecode.swift; path = ContentView.swift; sourceTree = "<group>"; };
		6F29BAC329980B5A00F8A6AA /* Assets.xcassets */ = {isa = PBXFileReference; lastKnownFileType = folder.assetcatalog; path = Assets.xcassets; sourceTree = "<group>"; };
		6F29BAC629980B5A00F8A6AA /* Preview Assets.xcassets */ = {isa = PBXFileReference; lastKnownFileType = folder.assetcatalog; path = "Preview Assets.xcassets"; sourceTree = "<group>"; };
		6F29BACD2998178E00F8A6AA /* ProfileView.swift */ = {isa = PBXFileReference; lastKnownFileType = sourcecode.swift; path = ProfileView.swift; sourceTree = "<group>"; };
		7643F8322998315F00EAFDB9 /* readme.md */ = {isa = PBXFileReference; lastKnownFileType = net.daringfireball.markdown; path = readme.md; sourceTree = "<group>"; };
		7643F8342998337100EAFDB9 /* MatesView.swift */ = {isa = PBXFileReference; lastKnownFileType = sourcecode.swift; path = MatesView.swift; sourceTree = "<group>"; };
		7643F83629983DA600EAFDB9 /* MateViewModel.swift */ = {isa = PBXFileReference; lastKnownFileType = sourcecode.swift; path = MateViewModel.swift; sourceTree = "<group>"; };
		7643F8382998503C00EAFDB9 /* ReminderExt.swift */ = {isa = PBXFileReference; lastKnownFileType = sourcecode.swift; path = ReminderExt.swift; sourceTree = "<group>"; };
		765BA15C2998806D004B1E35 /* APIEndpoints.swift */ = {isa = PBXFileReference; lastKnownFileType = sourcecode.swift; path = APIEndpoints.swift; sourceTree = "<group>"; };
		765BA15E29988876004B1E35 /* Info.plist */ = {isa = PBXFileReference; lastKnownFileType = text.plist; path = Info.plist; sourceTree = "<group>"; };
		767F494A299867B90005C3D8 /* Hackville2023.entitlements */ = {isa = PBXFileReference; lastKnownFileType = text.plist.entitlements; path = Hackville2023.entitlements; sourceTree = "<group>"; };
		767F494B29986FAE0005C3D8 /* AppDelegate.swift */ = {isa = PBXFileReference; lastKnownFileType = sourcecode.swift; path = AppDelegate.swift; sourceTree = "<group>"; };
/* End PBXFileReference section */

/* Begin PBXFrameworksBuildPhase section */
		6F29BAB929980B5900F8A6AA /* Frameworks */ = {
			isa = PBXFrameworksBuildPhase;
			buildActionMask = 2147483647;
			files = (
				765BA15B29987FFF004B1E35 /* SwiftyJSON in Frameworks */,
				765BA15829987FEC004B1E35 /* Alamofire in Frameworks */,
			);
			runOnlyForDeploymentPostprocessing = 0;
		};
/* End PBXFrameworksBuildPhase section */

/* Begin PBXGroup section */
		6F1085862998B90400F5DFBD /* Managers */ = {
			isa = PBXGroup;
			children = (
				6F1085872998B91400F5DFBD /* CoreDataManager.swift */,
			);
			path = Managers;
			sourceTree = "<group>";
		};
		6F29BAB329980B5900F8A6AA = {
			isa = PBXGroup;
			children = (
				6F1085892998C53E00F5DFBD /* UserModel.xcdatamodeld */,
				6F29BABE29980B5900F8A6AA /* Hackville2023 */,
				6F29BABD29980B5900F8A6AA /* Products */,
			);
			sourceTree = "<group>";
		};
		6F29BABD29980B5900F8A6AA /* Products */ = {
			isa = PBXGroup;
			children = (
				6F29BABC29980B5900F8A6AA /* Hackville2023.app */,
			);
			name = Products;
			sourceTree = "<group>";
		};
		6F29BABE29980B5900F8A6AA /* Hackville2023 */ = {
			isa = PBXGroup;
			children = (
				6F1085862998B90400F5DFBD /* Managers */,
				765BA15E29988876004B1E35 /* Info.plist */,
				767F494A299867B90005C3D8 /* Hackville2023.entitlements */,
				6F29BABF29980B5900F8A6AA /* Hackville2023App.swift */,
				6F29BACD2998178E00F8A6AA /* ProfileView.swift */,
				6F10857B29983B0800F5DFBD /* ReminderView.swift */,
				6F1085812998AC4C00F5DFBD /* SignUpView.swift */,
				6F10857D29983C2700F5DFBD /* HomeView.swift */,
				6F29BAC129980B5900F8A6AA /* ContentView.swift */,
				6F29BAC329980B5A00F8A6AA /* Assets.xcassets */,
				6F29BAC529980B5A00F8A6AA /* Preview Content */,
				7643F8322998315F00EAFDB9 /* readme.md */,
				7643F8342998337100EAFDB9 /* MatesView.swift */,
				7643F83629983DA600EAFDB9 /* MateViewModel.swift */,
				7643F8382998503C00EAFDB9 /* ReminderExt.swift */,
				767F494B29986FAE0005C3D8 /* AppDelegate.swift */,
				765BA15C2998806D004B1E35 /* APIEndpoints.swift */,
			);
			path = Hackville2023;
			sourceTree = "<group>";
		};
		6F29BAC529980B5A00F8A6AA /* Preview Content */ = {
			isa = PBXGroup;
			children = (
				6F29BAC629980B5A00F8A6AA /* Preview Assets.xcassets */,
			);
			path = "Preview Content";
			sourceTree = "<group>";
		};
/* End PBXGroup section */

/* Begin PBXNativeTarget section */
		6F29BABB29980B5900F8A6AA /* Hackville2023 */ = {
			isa = PBXNativeTarget;
			buildConfigurationList = 6F29BACA29980B5A00F8A6AA /* Build configuration list for PBXNativeTarget "Hackville2023" */;
			buildPhases = (
				6F29BAB829980B5900F8A6AA /* Sources */,
				6F29BAB929980B5900F8A6AA /* Frameworks */,
				6F29BABA29980B5900F8A6AA /* Resources */,
			);
			buildRules = (
			);
			dependencies = (
			);
			name = Hackville2023;
			packageProductDependencies = (
				765BA15729987FEC004B1E35 /* Alamofire */,
				765BA15A29987FFF004B1E35 /* SwiftyJSON */,
			);
			productName = Hackville2023;
			productReference = 6F29BABC29980B5900F8A6AA /* Hackville2023.app */;
			productType = "com.apple.product-type.application";
		};
/* End PBXNativeTarget section */

/* Begin PBXProject section */
		6F29BAB429980B5900F8A6AA /* Project object */ = {
			isa = PBXProject;
			attributes = {
				BuildIndependentTargetsInParallel = 1;
				LastSwiftUpdateCheck = 1420;
				LastUpgradeCheck = 1420;
				TargetAttributes = {
					6F29BABB29980B5900F8A6AA = {
						CreatedOnToolsVersion = 14.2;
					};
				};
			};
			buildConfigurationList = 6F29BAB729980B5900F8A6AA /* Build configuration list for PBXProject "Hackville2023" */;
			compatibilityVersion = "Xcode 14.0";
			developmentRegion = en;
			hasScannedForEncodings = 0;
			knownRegions = (
				en,
				Base,
			);
			mainGroup = 6F29BAB329980B5900F8A6AA;
			packageReferences = (
				765BA15629987FEC004B1E35 /* XCRemoteSwiftPackageReference "alamofire" */,
				765BA15929987FFF004B1E35 /* XCRemoteSwiftPackageReference "swiftyjson" */,
			);
			productRefGroup = 6F29BABD29980B5900F8A6AA /* Products */;
			projectDirPath = "";
			projectRoot = "";
			targets = (
				6F29BABB29980B5900F8A6AA /* Hackville2023 */,
			);
		};
/* End PBXProject section */

/* Begin PBXResourcesBuildPhase section */
		6F29BABA29980B5900F8A6AA /* Resources */ = {
			isa = PBXResourcesBuildPhase;
			buildActionMask = 2147483647;
			files = (
				6F29BAC729980B5A00F8A6AA /* Preview Assets.xcassets in Resources */,
				7643F8332998315F00EAFDB9 /* readme.md in Resources */,
				6F29BAC429980B5A00F8A6AA /* Assets.xcassets in Resources */,
			);
			runOnlyForDeploymentPostprocessing = 0;
		};
/* End PBXResourcesBuildPhase section */

/* Begin PBXSourcesBuildPhase section */
		6F29BAB829980B5900F8A6AA /* Sources */ = {
			isa = PBXSourcesBuildPhase;
			buildActionMask = 2147483647;
			files = (
				6F29BAC229980B5900F8A6AA /* ContentView.swift in Sources */,
				7643F83729983DA700EAFDB9 /* MateViewModel.swift in Sources */,
				7643F8392998503C00EAFDB9 /* ReminderExt.swift in Sources */,
				767F494C29986FAE0005C3D8 /* AppDelegate.swift in Sources */,
				6F29BACE2998178E00F8A6AA /* ProfileView.swift in Sources */,
				765BA15D2998806D004B1E35 /* APIEndpoints.swift in Sources */,
				6F1085882998B91400F5DFBD /* CoreDataManager.swift in Sources */,
				6F10857C29983B0800F5DFBD /* ReminderView.swift in Sources */,
				6F10857E29983C2700F5DFBD /* HomeView.swift in Sources */,
				6F29BAC029980B5900F8A6AA /* Hackville2023App.swift in Sources */,
				6F1085822998AC4C00F5DFBD /* SignUpView.swift in Sources */,
				6F10858B2998C53E00F5DFBD /* UserModel.xcdatamodeld in Sources */,
				7643F8352998337100EAFDB9 /* MatesView.swift in Sources */,
			);
			runOnlyForDeploymentPostprocessing = 0;
		};
/* End PBXSourcesBuildPhase section */

/* Begin XCBuildConfiguration section */
		6F29BAC829980B5A00F8A6AA /* Debug */ = {
			isa = XCBuildConfiguration;
			buildSettings = {
				ALWAYS_SEARCH_USER_PATHS = NO;
				CLANG_ANALYZER_NONNULL = YES;
				CLANG_ANALYZER_NUMBER_OBJECT_CONVERSION = YES_AGGRESSIVE;
				CLANG_CXX_LANGUAGE_STANDARD = "gnu++20";
				CLANG_ENABLE_MODULES = YES;
				CLANG_ENABLE_OBJC_ARC = YES;
				CLANG_ENABLE_OBJC_WEAK = YES;
				CLANG_WARN_BLOCK_CAPTURE_AUTORELEASING = YES;
				CLANG_WARN_BOOL_CONVERSION = YES;
				CLANG_WARN_COMMA = YES;
				CLANG_WARN_CONSTANT_CONVERSION = YES;
				CLANG_WARN_DEPRECATED_OBJC_IMPLEMENTATIONS = YES;
				CLANG_WARN_DIRECT_OBJC_ISA_USAGE = YES_ERROR;
				CLANG_WARN_DOCUMENTATION_COMMENTS = YES;
				CLANG_WARN_EMPTY_BODY = YES;
				CLANG_WARN_ENUM_CONVERSION = YES;
				CLANG_WARN_INFINITE_RECURSION = YES;
				CLANG_WARN_INT_CONVERSION = YES;
				CLANG_WARN_NON_LITERAL_NULL_CONVERSION = YES;
				CLANG_WARN_OBJC_IMPLICIT_RETAIN_SELF = YES;
				CLANG_WARN_OBJC_LITERAL_CONVERSION = YES;
				CLANG_WARN_OBJC_ROOT_CLASS = YES_ERROR;
				CLANG_WARN_QUOTED_INCLUDE_IN_FRAMEWORK_HEADER = YES;
				CLANG_WARN_RANGE_LOOP_ANALYSIS = YES;
				CLANG_WARN_STRICT_PROTOTYPES = YES;
				CLANG_WARN_SUSPICIOUS_MOVE = YES;
				CLANG_WARN_UNGUARDED_AVAILABILITY = YES_AGGRESSIVE;
				CLANG_WARN_UNREACHABLE_CODE = YES;
				CLANG_WARN__DUPLICATE_METHOD_MATCH = YES;
				COPY_PHASE_STRIP = NO;
				DEBUG_INFORMATION_FORMAT = dwarf;
				ENABLE_STRICT_OBJC_MSGSEND = YES;
				ENABLE_TESTABILITY = YES;
				GCC_C_LANGUAGE_STANDARD = gnu11;
				GCC_DYNAMIC_NO_PIC = NO;
				GCC_NO_COMMON_BLOCKS = YES;
				GCC_OPTIMIZATION_LEVEL = 0;
				GCC_PREPROCESSOR_DEFINITIONS = (
					"DEBUG=1",
					"$(inherited)",
				);
				GCC_WARN_64_TO_32_BIT_CONVERSION = YES;
				GCC_WARN_ABOUT_RETURN_TYPE = YES_ERROR;
				GCC_WARN_UNDECLARED_SELECTOR = YES;
				GCC_WARN_UNINITIALIZED_AUTOS = YES_AGGRESSIVE;
				GCC_WARN_UNUSED_FUNCTION = YES;
				GCC_WARN_UNUSED_VARIABLE = YES;
				IPHONEOS_DEPLOYMENT_TARGET = 16.2;
				MTL_ENABLE_DEBUG_INFO = INCLUDE_SOURCE;
				MTL_FAST_MATH = YES;
				ONLY_ACTIVE_ARCH = YES;
				SDKROOT = iphoneos;
				SWIFT_ACTIVE_COMPILATION_CONDITIONS = DEBUG;
				SWIFT_OPTIMIZATION_LEVEL = "-Onone";
			};
			name = Debug;
		};
		6F29BAC929980B5A00F8A6AA /* Release */ = {
			isa = XCBuildConfiguration;
			buildSettings = {
				ALWAYS_SEARCH_USER_PATHS = NO;
				CLANG_ANALYZER_NONNULL = YES;
				CLANG_ANALYZER_NUMBER_OBJECT_CONVERSION = YES_AGGRESSIVE;
				CLANG_CXX_LANGUAGE_STANDARD = "gnu++20";
				CLANG_ENABLE_MODULES = YES;
				CLANG_ENABLE_OBJC_ARC = YES;
				CLANG_ENABLE_OBJC_WEAK = YES;
				CLANG_WARN_BLOCK_CAPTURE_AUTORELEASING = YES;
				CLANG_WARN_BOOL_CONVERSION = YES;
				CLANG_WARN_COMMA = YES;
				CLANG_WARN_CONSTANT_CONVERSION = YES;
				CLANG_WARN_DEPRECATED_OBJC_IMPLEMENTATIONS = YES;
				CLANG_WARN_DIRECT_OBJC_ISA_USAGE = YES_ERROR;
				CLANG_WARN_DOCUMENTATION_COMMENTS = YES;
				CLANG_WARN_EMPTY_BODY = YES;
				CLANG_WARN_ENUM_CONVERSION = YES;
				CLANG_WARN_INFINITE_RECURSION = YES;
				CLANG_WARN_INT_CONVERSION = YES;
				CLANG_WARN_NON_LITERAL_NULL_CONVERSION = YES;
				CLANG_WARN_OBJC_IMPLICIT_RETAIN_SELF = YES;
				CLANG_WARN_OBJC_LITERAL_CONVERSION = YES;
				CLANG_WARN_OBJC_ROOT_CLASS = YES_ERROR;
				CLANG_WARN_QUOTED_INCLUDE_IN_FRAMEWORK_HEADER = YES;
				CLANG_WARN_RANGE_LOOP_ANALYSIS = YES;
				CLANG_WARN_STRICT_PROTOTYPES = YES;
				CLANG_WARN_SUSPICIOUS_MOVE = YES;
				CLANG_WARN_UNGUARDED_AVAILABILITY = YES_AGGRESSIVE;
				CLANG_WARN_UNREACHABLE_CODE = YES;
				CLANG_WARN__DUPLICATE_METHOD_MATCH = YES;
				COPY_PHASE_STRIP = NO;
				DEBUG_INFORMATION_FORMAT = "dwarf-with-dsym";
				ENABLE_NS_ASSERTIONS = NO;
				ENABLE_STRICT_OBJC_MSGSEND = YES;
				GCC_C_LANGUAGE_STANDARD = gnu11;
				GCC_NO_COMMON_BLOCKS = YES;
				GCC_WARN_64_TO_32_BIT_CONVERSION = YES;
				GCC_WARN_ABOUT_RETURN_TYPE = YES_ERROR;
				GCC_WARN_UNDECLARED_SELECTOR = YES;
				GCC_WARN_UNINITIALIZED_AUTOS = YES_AGGRESSIVE;
				GCC_WARN_UNUSED_FUNCTION = YES;
				GCC_WARN_UNUSED_VARIABLE = YES;
				IPHONEOS_DEPLOYMENT_TARGET = 16.2;
				MTL_ENABLE_DEBUG_INFO = NO;
				MTL_FAST_MATH = YES;
				SDKROOT = iphoneos;
				SWIFT_COMPILATION_MODE = wholemodule;
				SWIFT_OPTIMIZATION_LEVEL = "-O";
				VALIDATE_PRODUCT = YES;
			};
			name = Release;
		};
		6F29BACB29980B5A00F8A6AA /* Debug */ = {
			isa = XCBuildConfiguration;
			buildSettings = {
				ASSETCATALOG_COMPILER_APPICON_NAME = AppIcon;
				ASSETCATALOG_COMPILER_GLOBAL_ACCENT_COLOR_NAME = AccentColor;
				CODE_SIGN_ENTITLEMENTS = Hackville2023/Hackville2023.entitlements;
				CODE_SIGN_IDENTITY = "Apple Development";
				CODE_SIGN_STYLE = Automatic;
				CURRENT_PROJECT_VERSION = 1;
				DEVELOPMENT_ASSET_PATHS = "\"Hackville2023/Preview Content\"";
				DEVELOPMENT_TEAM = VDQS4882Z8;
				ENABLE_PREVIEWS = YES;
				GENERATE_INFOPLIST_FILE = YES;
				INFOPLIST_FILE = Hackville2023/Info.plist;
				INFOPLIST_KEY_UIApplicationSceneManifest_Generation = YES;
				INFOPLIST_KEY_UIApplicationSupportsIndirectInputEvents = YES;
				INFOPLIST_KEY_UILaunchScreen_Generation = YES;
				INFOPLIST_KEY_UISupportedInterfaceOrientations_iPad = "UIInterfaceOrientationPortrait UIInterfaceOrientationPortraitUpsideDown UIInterfaceOrientationLandscapeLeft UIInterfaceOrientationLandscapeRight";
				INFOPLIST_KEY_UISupportedInterfaceOrientations_iPhone = "UIInterfaceOrientationPortrait UIInterfaceOrientationLandscapeLeft UIInterfaceOrientationLandscapeRight";
				LD_RUNPATH_SEARCH_PATHS = (
					"$(inherited)",
					"@executable_path/Frameworks",
				);
				MARKETING_VERSION = 1.0;
				PRODUCT_BUNDLE_IDENTIFIER = com.hackville.memorymates;
				PRODUCT_NAME = "$(TARGET_NAME)";
				PROVISIONING_PROFILE_SPECIFIER = "";
				SWIFT_EMIT_LOC_STRINGS = YES;
				SWIFT_VERSION = 5.0;
				TARGETED_DEVICE_FAMILY = "1,2";
			};
			name = Debug;
		};
		6F29BACC29980B5A00F8A6AA /* Release */ = {
			isa = XCBuildConfiguration;
			buildSettings = {
				ASSETCATALOG_COMPILER_APPICON_NAME = AppIcon;
				ASSETCATALOG_COMPILER_GLOBAL_ACCENT_COLOR_NAME = AccentColor;
				CODE_SIGN_ENTITLEMENTS = Hackville2023/Hackville2023.entitlements;
				CODE_SIGN_IDENTITY = "Apple Development";
				CODE_SIGN_STYLE = Automatic;
				CURRENT_PROJECT_VERSION = 1;
				DEVELOPMENT_ASSET_PATHS = "\"Hackville2023/Preview Content\"";
				DEVELOPMENT_TEAM = VDQS4882Z8;
				ENABLE_PREVIEWS = YES;
				GENERATE_INFOPLIST_FILE = YES;
				INFOPLIST_FILE = Hackville2023/Info.plist;
				INFOPLIST_KEY_UIApplicationSceneManifest_Generation = YES;
				INFOPLIST_KEY_UIApplicationSupportsIndirectInputEvents = YES;
				INFOPLIST_KEY_UILaunchScreen_Generation = YES;
				INFOPLIST_KEY_UISupportedInterfaceOrientations_iPad = "UIInterfaceOrientationPortrait UIInterfaceOrientationPortraitUpsideDown UIInterfaceOrientationLandscapeLeft UIInterfaceOrientationLandscapeRight";
				INFOPLIST_KEY_UISupportedInterfaceOrientations_iPhone = "UIInterfaceOrientationPortrait UIInterfaceOrientationLandscapeLeft UIInterfaceOrientationLandscapeRight";
				LD_RUNPATH_SEARCH_PATHS = (
					"$(inherited)",
					"@executable_path/Frameworks",
				);
				MARKETING_VERSION = 1.0;
				PRODUCT_BUNDLE_IDENTIFIER = com.hackville.memorymates;
				PRODUCT_NAME = "$(TARGET_NAME)";
				PROVISIONING_PROFILE_SPECIFIER = "";
				SWIFT_EMIT_LOC_STRINGS = YES;
				SWIFT_VERSION = 5.0;
				TARGETED_DEVICE_FAMILY = "1,2";
			};
			name = Release;
		};
/* End XCBuildConfiguration section */

/* Begin XCConfigurationList section */
		6F29BAB729980B5900F8A6AA /* Build configuration list for PBXProject "Hackville2023" */ = {
			isa = XCConfigurationList;
			buildConfigurations = (
				6F29BAC829980B5A00F8A6AA /* Debug */,
				6F29BAC929980B5A00F8A6AA /* Release */,
			);
			defaultConfigurationIsVisible = 0;
			defaultConfigurationName = Release;
		};
		6F29BACA29980B5A00F8A6AA /* Build configuration list for PBXNativeTarget "Hackville2023" */ = {
			isa = XCConfigurationList;
			buildConfigurations = (
				6F29BACB29980B5A00F8A6AA /* Debug */,
				6F29BACC29980B5A00F8A6AA /* Release */,
			);
			defaultConfigurationIsVisible = 0;
			defaultConfigurationName = Release;
		};
/* End XCConfigurationList section */

/* Begin XCRemoteSwiftPackageReference section */
		765BA15629987FEC004B1E35 /* XCRemoteSwiftPackageReference "alamofire" */ = {
			isa = XCRemoteSwiftPackageReference;
			repositoryURL = "http://github.com/Alamofire/alamofire.git";
			requirement = {
				branch = master;
				kind = branch;
			};
		};
		765BA15929987FFF004B1E35 /* XCRemoteSwiftPackageReference "swiftyjson" */ = {
			isa = XCRemoteSwiftPackageReference;
			repositoryURL = "http://github.com/swiftyjson/swiftyjson.git";
			requirement = {
				branch = master;
				kind = branch;
			};
		};
/* End XCRemoteSwiftPackageReference section */

/* Begin XCSwiftPackageProductDependency section */
		765BA15729987FEC004B1E35 /* Alamofire */ = {
			isa = XCSwiftPackageProductDependency;
			package = 765BA15629987FEC004B1E35 /* XCRemoteSwiftPackageReference "alamofire" */;
			productName = Alamofire;
		};
		765BA15A29987FFF004B1E35 /* SwiftyJSON */ = {
			isa = XCSwiftPackageProductDependency;
			package = 765BA15929987FFF004B1E35 /* XCRemoteSwiftPackageReference "swiftyjson" */;
			productName = SwiftyJSON;
		};
/* End XCSwiftPackageProductDependency section */

/* Begin XCVersionGroup section */
		6F1085892998C53E00F5DFBD /* UserModel.xcdatamodeld */ = {
			isa = XCVersionGroup;
			children = (
				6F10858A2998C53E00F5DFBD /* UserModel.xcdatamodel */,
			);
			currentVersion = 6F10858A2998C53E00F5DFBD /* UserModel.xcdatamodel */;
			path = UserModel.xcdatamodeld;
			sourceTree = "<group>";
			versionGroupType = wrapper.xcdatamodel;
		};
/* End XCVersionGroup section */
	};
	rootObject = 6F29BAB429980B5900F8A6AA /* Project object */;
}
